
Microsoft Visual Studio Solution File, Format Version 12.00
# Visual Studio 15
VisualStudioVersion = 15.0.27703.2042
MinimumVisualStudioVersion = 10.0.40219.1
Project("{FAE04EC0-301F-11D3-BF4B-00C04F79EFBC}") = "MyStore.Domain", "MyStore.Domain\MyStore.Domain.csproj", "{331A0853-F835-4E55-8A6B-FDE7E3BF09E4}"
EndProject
Project("{2150E333-8FDC-42A3-9474-1A3956D46DE8}") = "3 - Domain", "3 - Domain", "{2A244201-EDCE-44DB-B73D-8E3074B0D0F6}"
EndProject
Project("{2150E333-8FDC-42A3-9474-1A3956D46DE8}") = "5 - Tests", "5 - Tests", "{CDB6F192-FEDE-4156-902F-143376918DD2}"
EndProject
Project("{FAE04EC0-301F-11D3-BF4B-00C04F79EFBC}") = "MyStore.Domain.Tests", "MyStore.Domain.Tests\MyStore.Domain.Tests.csproj", "{F1186E6B-2F72-447F-9968-53E99A6AFB13}"
EndProject
Project("{FAE04EC0-301F-11D3-BF4B-00C04F79EFBC}") = "MyStore.SharedKernel", "MyStore.SharedKernel\MyStore.SharedKernel.csproj", "{1149C539-043A-486D-BCFC-CE54846DE1E2}"
EndProject
Project("{2150E333-8FDC-42A3-9474-1A3956D46DE8}") = "4 - Infra", "4 - Infra", "{60DE30E0-E613-412A-87E1-46587919A19C}"
EndProject
Project("{FAE04EC0-301F-11D3-BF4B-00C04F79EFBC}") = "MyStore.Infra", "MyStore.Infra\MyStore.Infra.csproj", "{E1103B71-0BBC-48B8-80C6-4EDFCAA18F11}"
EndProject
Project("{2150E333-8FDC-42A3-9474-1A3956D46DE8}") = "2 - Application Service", "2 - Application Service", "{1F360B45-AB49-4AAA-9389-B8AECA0F1A3F}"
EndProject
Project("{2150E333-8FDC-42A3-9474-1A3956D46DE8}") = "1 - API", "1 - API", "{D37C7A07-261B-4505-AC5A-CCE630EA8986}"
EndProject
Project("{FAE04EC0-301F-11D3-BF4B-00C04F79EFBC}") = "MyStore.ApplicationService", "MyStore.ApplicationService\MyStore.ApplicationService.csproj", "{5C420A97-7A88-427F-A452-D5452E1E712B}"
EndProject
Project("{FAE04EC0-301F-11D3-BF4B-00C04F79EFBC}") = "MyStore.Api", "MyStore.Api\MyStore.Api.csproj", "{39BEAF67-339D-4827-A148-E4FC996C5A73}"
EndProject
Project("{FAE04EC0-301F-11D3-BF4B-00C04F79EFBC}") = "MyStore.CrossCutting", "MyStore.CrossCutting\MyStore.CrossCutting.csproj", "{C1F0E58E-5BA1-4E79-AC3F-F156AB8CAAFC}"
EndProject
Global
	GlobalSection(SolutionConfigurationPlatforms) = preSolution
		Debug|Any CPU = Debug|Any CPU
		Release|Any CPU = Release|Any CPU
	EndGlobalSection
	GlobalSection(ProjectConfigurationPlatforms) = postSolution
		{331A0853-F835-4E55-8A6B-FDE7E3BF09E4}.Debug|Any CPU.ActiveCfg = Debug|Any CPU
		{331A0853-F835-4E55-8A6B-FDE7E3BF09E4}.Debug|Any CPU.Build.0 = Debug|Any CPU
		{331A0853-F835-4E55-8A6B-FDE7E3BF09E4}.Release|Any CPU.ActiveCfg = Release|Any CPU
		{331A0853-F835-4E55-8A6B-FDE7E3BF09E4}.Release|Any CPU.Build.0 = Release|Any CPU
		{F1186E6B-2F72-447F-9968-53E99A6AFB13}.Debug|Any CPU.ActiveCfg = Debug|Any CPU
		{F1186E6B-2F72-447F-9968-53E99A6AFB13}.Debug|Any CPU.Build.0 = Debug|Any CPU
		{F1186E6B-2F72-447F-9968-53E99A6AFB13}.Release|Any CPU.ActiveCfg = Release|Any CPU
		{F1186E6B-2F72-447F-9968-53E99A6AFB13}.Release|Any CPU.Build.0 = Release|Any CPU
		{1149C539-043A-486D-BCFC-CE54846DE1E2}.Debug|Any CPU.ActiveCfg = Debug|Any CPU
		{1149C539-043A-486D-BCFC-CE54846DE1E2}.Debug|Any CPU.Build.0 = Debug|Any CPU
		{1149C539-043A-486D-BCFC-CE54846DE1E2}.Release|Any CPU.ActiveCfg = Release|Any CPU
		{1149C539-043A-486D-BCFC-CE54846DE1E2}.Release|Any CPU.Build.0 = Release|Any CPU
		{E1103B71-0BBC-48B8-80C6-4EDFCAA18F11}.Debug|Any CPU.ActiveCfg = Debug|Any CPU
		{E1103B71-0BBC-48B8-80C6-4EDFCAA18F11}.Debug|Any CPU.Build.0 = Debug|Any CPU
		{E1103B71-0BBC-48B8-80C6-4EDFCAA18F11}.Release|Any CPU.ActiveCfg = Release|Any CPU
		{E1103B71-0BBC-48B8-80C6-4EDFCAA18F11}.Release|Any CPU.Build.0 = Release|Any CPU
		{5C420A97-7A88-427F-A452-D5452E1E712B}.Debug|Any CPU.ActiveCfg = Debug|Any CPU
		{5C420A97-7A88-427F-A452-D5452E1E712B}.Debug|Any CPU.Build.0 = Debug|Any CPU
		{5C420A97-7A88-427F-A452-D5452E1E712B}.Release|Any CPU.ActiveCfg = Release|Any CPU
		{5C420A97-7A88-427F-A452-D5452E1E712B}.Release|Any CPU.Build.0 = Release|Any CPU
		{39BEAF67-339D-4827-A148-E4FC996C5A73}.Debug|Any CPU.ActiveCfg = Debug|Any CPU
		{39BEAF67-339D-4827-A148-E4FC996C5A73}.Debug|Any CPU.Build.0 = Debug|Any CPU
		{39BEAF67-339D-4827-A148-E4FC996C5A73}.Release|Any CPU.ActiveCfg = Release|Any CPU
		{39BEAF67-339D-4827-A148-E4FC996C5A73}.Release|Any CPU.Build.0 = Release|Any CPU
		{C1F0E58E-5BA1-4E79-AC3F-F156AB8CAAFC}.Debug|Any CPU.ActiveCfg = Debug|Any CPU
		{C1F0E58E-5BA1-4E79-AC3F-F156AB8CAAFC}.Debug|Any CPU.Build.0 = Debug|Any CPU
		{C1F0E58E-5BA1-4E79-AC3F-F156AB8CAAFC}.Release|Any CPU.ActiveCfg = Release|Any CPU
		{C1F0E58E-5BA1-4E79-AC3F-F156AB8CAAFC}.Release|Any CPU.Build.0 = Release|Any CPU
	EndGlobalSection
	GlobalSection(SolutionProperties) = preSolution
		HideSolutionNode = FALSE
	EndGlobalSection
	GlobalSection(NestedProjects) = preSolution
		{331A0853-F835-4E55-8A6B-FDE7E3BF09E4} = {2A244201-EDCE-44DB-B73D-8E3074B0D0F6}
		{F1186E6B-2F72-447F-9968-53E99A6AFB13} = {CDB6F192-FEDE-4156-902F-143376918DD2}
		{1149C539-043A-486D-BCFC-CE54846DE1E2} = {2A244201-EDCE-44DB-B73D-8E3074B0D0F6}
		{E1103B71-0BBC-48B8-80C6-4EDFCAA18F11} = {60DE30E0-E613-412A-87E1-46587919A19C}
		{5C420A97-7A88-427F-A452-D5452E1E712B} = {1F360B45-AB49-4AAA-9389-B8AECA0F1A3F}
		{39BEAF67-339D-4827-A148-E4FC996C5A73} = {D37C7A07-261B-4505-AC5A-CCE630EA8986}
		{C1F0E58E-5BA1-4E79-AC3F-F156AB8CAAFC} = {60DE30E0-E613-412A-87E1-46587919A19C}
	EndGlobalSection
	GlobalSection(ExtensibilityGlobals) = postSolution
		SolutionGuid = {00B53913-9C20-4364-9B4C-9503DCE9665C}
	EndGlobalSection
EndGlobal
